
Microsoft Visual Studio Solution File, Format Version 12.00
# Visual Studio Version 16
VisualStudioVersion = 25.0.1700.4
MinimumVisualStudioVersion = 10.0.40219.1
Project("{FAE04EC0-301F-11D3-BF4B-00C04F79EFBC}") = "Methodexercise3", "Methodexercise3\Methodexercise3.csproj", "{0C816F6B-C06F-44FD-8861-D5D5E3506533}"
EndProject
Global
	GlobalSection(SolutionConfigurationPlatforms) = preSolution
		Debug|Any CPU = Debug|Any CPU
		Release|Any CPU = Release|Any CPU
	EndGlobalSection
	GlobalSection(ProjectConfigurationPlatforms) = postSolution
		{0C816F6B-C06F-44FD-8861-D5D5E3506533}.Debug|Any CPU.ActiveCfg = Debug|Any CPU
		{0C816F6B-C06F-44FD-8861-D5D5E3506533}.Debug|Any CPU.Build.0 = Debug|Any CPU
		{0C816F6B-C06F-44FD-8861-D5D5E3506533}.Release|Any CPU.ActiveCfg = Release|Any CPU
		{0C816F6B-C06F-44FD-8861-D5D5E3506533}.Release|Any CPU.Build.0 = Release|Any CPU
	EndGlobalSection
	GlobalSection(SolutionProperties) = preSolution
		HideSolutionNode = FALSE
	EndGlobalSection
	GlobalSection(ExtensibilityGlobals) = postSolution
		SolutionGuid = {47621E34-3E51-4115-8F45-C55E792A444A}
	EndGlobalSection
EndGlobal
